<?xml version="1.0" encoding="utf-8"?>
<Project ToolsVersion="4.0" xmlns="http://schemas.microsoft.com/developer/msbuild/2003">
  <ItemGroup>
    <Filter Include="Source Files">
      <UniqueIdentifier>{4FC737F1-C7A5-4376-A066-2A32D752A2FF}</UniqueIdentifier>
      <Extensions>cpp;c;cc;cxx;def;odl;idl;hpj;bat;asm;asmx</Extensions>
    </Filter>
    <Filter Include="Header Files">
      <UniqueIdentifier>{93995380-89BD-4b04-88EB-625FBE52EBFB}</UniqueIdentifier>
      <Extensions>h;hh;hpp;hxx;hm;inl;inc;xsd</Extensions>
    </Filter>
    <Filter Include="Resource Files">
      <UniqueIdentifier>{67DA6AB6-F800-4c08-8B7A-83BB121AAD01}</UniqueIdentifier>
      <Extensions>rc;ico;cur;bmp;dlg;rc2;rct;bin;rgs;gif;jpg;jpeg;jpe;resx;tiff;tif;png;wav;mfcribbon-ms</Extensions>
    </Filter>
    <Filter Include="Layers">
      <UniqueIdentifier>{9d021e2a-b086-472e-9117-63bc5af0eb1f}</UniqueIdentifier>
    </Filter>
    <Filter Include="Layers\Header Files">
      <UniqueIdentifier>{540dc324-3409-47af-ba75-eb53264155d6}</UniqueIdentifier>
    </Filter>
    <Filter Include="Layers\Source Files">
      <UniqueIdentifier>{02b0ec92-3166-46e3-a485-6e706b09fde5}</UniqueIdentifier>
    </Filter>
  </ItemGroup>
  <ItemGroup>
    <ClCompile Include="DatasetLoader.cpp">
      <Filter>Source Files</Filter>
    </ClCompile>
    <ClCompile Include="ModelEvalOp.cpp">
      <Filter>Source Files</Filter>
    </ClCompile>
    <ClCompile Include="main.cpp">
      <Filter>Source Files</Filter>
    </ClCompile>
    <ClCompile Include="FullyConnectedLayer.cpp">
      <Filter>Layers\Source Files</Filter>
    </ClCompile>
    <ClCompile Include="SigmoidLayer.cpp">
      <Filter>Layers\Source Files</Filter>
    </ClCompile>
    <ClCompile Include="MeanSquaredLoss.cpp">
      <Filter>Layers\Source Files</Filter>
    </ClCompile>
  </ItemGroup>
  <ItemGroup>
    <ClInclude Include="DatasetLoader.h">
      <Filter>Header Files</Filter>
    </ClInclude>
    <ClInclude Include="ModelEvalOp.h">
      <Filter>Header Files</Filter>
    </ClInclude>
    <ClInclude Include="Layer.h">
      <Filter>Layers\Header Files</Filter>
    </ClInclude>
    <ClInclude Include="FullyConnectedLayer.h">
      <Filter>Layers\Header Files</Filter>
    </ClInclude>
    <ClInclude Include="Shape.h">
      <Filter>Layers\Header Files</Filter>
    </ClInclude>
    <ClInclude Include="SigmoidLayer.h">
      <Filter>Layers\Header Files</Filter>
    </ClInclude>
    <ClInclude Include="MeanSquaredLoss.h">
      <Filter>Layers\Header Files</Filter>
    </ClInclude>
  </ItemGroup>
  <ItemGroup>
    <Text Include="dataset.txt">
      <Filter>Resource Files</Filter>
    </Text>
    <Text Include="parameters.txt">
      <Filter>Resource Files</Filter>
    </Text>
  </ItemGroup>
</Project>